// !$*UTF8*$!
{
	archiveVersion = 1;
	classes = {
	};
	objectVersion = 48;
	objects = {

/* Begin PBXBuildFile section */
		3E1D3B5F20F664EF0089D600 /* AddClient.swift in Sources */ = {isa = PBXBuildFile; fileRef = 3E1D3B5E20F664EF0089D600 /* AddClient.swift */; };
		3E5B7ED6211272DD00BAA9BC /* DBManager.swift in Sources */ = {isa = PBXBuildFile; fileRef = 3E5B7ED5211272DD00BAA9BC /* DBManager.swift */; };
		3E851B5020D2F0B200CEFEC4 /* AppDelegate.swift in Sources */ = {isa = PBXBuildFile; fileRef = 3E851B4F20D2F0B200CEFEC4 /* AppDelegate.swift */; };
		3E851B5520D2F0B200CEFEC4 /* Main.storyboard in Resources */ = {isa = PBXBuildFile; fileRef = 3E851B5320D2F0B200CEFEC4 /* Main.storyboard */; };
		3E851B5A20D2F0B200CEFEC4 /* Assets.xcassets in Resources */ = {isa = PBXBuildFile; fileRef = 3E851B5920D2F0B200CEFEC4 /* Assets.xcassets */; };
		3E851B5D20D2F0B200CEFEC4 /* LaunchScreen.storyboard in Resources */ = {isa = PBXBuildFile; fileRef = 3E851B5B20D2F0B200CEFEC4 /* LaunchScreen.storyboard */; };
		3E851B6820D2F0B200CEFEC4 /* RealTableViewPracticeTests.swift in Sources */ = {isa = PBXBuildFile; fileRef = 3E851B6720D2F0B200CEFEC4 /* RealTableViewPracticeTests.swift */; };
		3E851B7320D2F0B200CEFEC4 /* RealTableViewPracticeUITests.swift in Sources */ = {isa = PBXBuildFile; fileRef = 3E851B7220D2F0B200CEFEC4 /* RealTableViewPracticeUITests.swift */; };
		3E851B8120D2F9AA00CEFEC4 /* ClientListScreen.swift in Sources */ = {isa = PBXBuildFile; fileRef = 3E851B8020D2F9AA00CEFEC4 /* ClientListScreen.swift */; };
		3E851B8320D2FC8700CEFEC4 /* ClientListCell.swift in Sources */ = {isa = PBXBuildFile; fileRef = 3E851B8220D2FC8700CEFEC4 /* ClientListCell.swift */; };
		3E851B8520D3015300CEFEC4 /* Client.swift in Sources */ = {isa = PBXBuildFile; fileRef = 3E851B8420D3015300CEFEC4 /* Client.swift */; };
		3EEB942A20D34C4F0017606B /* ClientDetail.swift in Sources */ = {isa = PBXBuildFile; fileRef = 3EEB942920D34C4F0017606B /* ClientDetail.swift */; };
		64E3135BDF020C79199C8075 /* Pods_RealTableViewPractice.framework in Frameworks */ = {isa = PBXBuildFile; fileRef = 148AD56EA66723F864EA7C03 /* Pods_RealTableViewPractice.framework */; };
		699864F893C477B7D666EE8E /* Pods_RealTableViewPracticeTests.framework in Frameworks */ = {isa = PBXBuildFile; fileRef = F10EA30AAB8A5E1D912085E1 /* Pods_RealTableViewPracticeTests.framework */; };
		7BAF89FF6736F29A8D80ACAD /* Pods_RealTableViewPracticeUITests.framework in Frameworks */ = {isa = PBXBuildFile; fileRef = CFB5A5FFEEB7B7BE0831CBB7 /* Pods_RealTableViewPracticeUITests.framework */; };
/* End PBXBuildFile section */

/* Begin PBXContainerItemProxy section */
		3E851B6420D2F0B200CEFEC4 /* PBXContainerItemProxy */ = {
			isa = PBXContainerItemProxy;
			containerPortal = 3E851B4420D2F0B200CEFEC4 /* Project object */;
			proxyType = 1;
			remoteGlobalIDString = 3E851B4B20D2F0B200CEFEC4;
			remoteInfo = RealTableViewPractice;
		};
		3E851B6F20D2F0B200CEFEC4 /* PBXContainerItemProxy */ = {
			isa = PBXContainerItemProxy;
			containerPortal = 3E851B4420D2F0B200CEFEC4 /* Project object */;
			proxyType = 1;
			remoteGlobalIDString = 3E851B4B20D2F0B200CEFEC4;
			remoteInfo = RealTableViewPractice;
		};
/* End PBXContainerItemProxy section */

/* Begin PBXFileReference section */
		148AD56EA66723F864EA7C03 /* Pods_RealTableViewPractice.framework */ = {isa = PBXFileReference; explicitFileType = wrapper.framework; includeInIndex = 0; path = Pods_RealTableViewPractice.framework; sourceTree = BUILT_PRODUCTS_DIR; };
		3C5AD3B8B6770D3964DE5AAA /* Pods-RealTableViewPractice.debug.xcconfig */ = {isa = PBXFileReference; includeInIndex = 1; lastKnownFileType = text.xcconfig; name = "Pods-RealTableViewPractice.debug.xcconfig"; path = "Pods/Target Support Files/Pods-RealTableViewPractice/Pods-RealTableViewPractice.debug.xcconfig"; sourceTree = "<group>"; };
		3E1D3B5E20F664EF0089D600 /* AddClient.swift */ = {isa = PBXFileReference; lastKnownFileType = sourcecode.swift; path = AddClient.swift; sourceTree = "<group>"; };
		3E5B7ED5211272DD00BAA9BC /* DBManager.swift */ = {isa = PBXFileReference; lastKnownFileType = sourcecode.swift; path = DBManager.swift; sourceTree = "<group>"; };
		3E851B4C20D2F0B200CEFEC4 /* RealTableViewPractice.app */ = {isa = PBXFileReference; explicitFileType = wrapper.application; includeInIndex = 0; path = RealTableViewPractice.app; sourceTree = BUILT_PRODUCTS_DIR; };
		3E851B4F20D2F0B200CEFEC4 /* AppDelegate.swift */ = {isa = PBXFileReference; lastKnownFileType = sourcecode.swift; path = AppDelegate.swift; sourceTree = "<group>"; };
		3E851B5420D2F0B200CEFEC4 /* Base */ = {isa = PBXFileReference; lastKnownFileType = file.storyboard; name = Base; path = Base.lproj/Main.storyboard; sourceTree = "<group>"; };
		3E851B5920D2F0B200CEFEC4 /* Assets.xcassets */ = {isa = PBXFileReference; lastKnownFileType = folder.assetcatalog; path = Assets.xcassets; sourceTree = "<group>"; };
		3E851B5C20D2F0B200CEFEC4 /* Base */ = {isa = PBXFileReference; lastKnownFileType = file.storyboard; name = Base; path = Base.lproj/LaunchScreen.storyboard; sourceTree = "<group>"; };
		3E851B5E20D2F0B200CEFEC4 /* Info.plist */ = {isa = PBXFileReference; lastKnownFileType = text.plist.xml; path = Info.plist; sourceTree = "<group>"; };
		3E851B6320D2F0B200CEFEC4 /* RealTableViewPracticeTests.xctest */ = {isa = PBXFileReference; explicitFileType = wrapper.cfbundle; includeInIndex = 0; path = RealTableViewPracticeTests.xctest; sourceTree = BUILT_PRODUCTS_DIR; };
		3E851B6720D2F0B200CEFEC4 /* RealTableViewPracticeTests.swift */ = {isa = PBXFileReference; lastKnownFileType = sourcecode.swift; path = RealTableViewPracticeTests.swift; sourceTree = "<group>"; };
		3E851B6920D2F0B200CEFEC4 /* Info.plist */ = {isa = PBXFileReference; lastKnownFileType = text.plist.xml; path = Info.plist; sourceTree = "<group>"; };
		3E851B6E20D2F0B200CEFEC4 /* RealTableViewPracticeUITests.xctest */ = {isa = PBXFileReference; explicitFileType = wrapper.cfbundle; includeInIndex = 0; path = RealTableViewPracticeUITests.xctest; sourceTree = BUILT_PRODUCTS_DIR; };
		3E851B7220D2F0B200CEFEC4 /* RealTableViewPracticeUITests.swift */ = {isa = PBXFileReference; lastKnownFileType = sourcecode.swift; path = RealTableViewPracticeUITests.swift; sourceTree = "<group>"; };
		3E851B7420D2F0B200CEFEC4 /* Info.plist */ = {isa = PBXFileReference; lastKnownFileType = text.plist.xml; path = Info.plist; sourceTree = "<group>"; };
		3E851B8020D2F9AA00CEFEC4 /* ClientListScreen.swift */ = {isa = PBXFileReference; lastKnownFileType = sourcecode.swift; path = ClientListScreen.swift; sourceTree = "<group>"; };
		3E851B8220D2FC8700CEFEC4 /* ClientListCell.swift */ = {isa = PBXFileReference; lastKnownFileType = sourcecode.swift; path = ClientListCell.swift; sourceTree = "<group>"; };
		3E851B8420D3015300CEFEC4 /* Client.swift */ = {isa = PBXFileReference; lastKnownFileType = sourcecode.swift; path = Client.swift; sourceTree = "<group>"; };
		3EEB942920D34C4F0017606B /* ClientDetail.swift */ = {isa = PBXFileReference; lastKnownFileType = sourcecode.swift; path = ClientDetail.swift; sourceTree = "<group>"; };
		789C222D7E1C710E17A21878 /* Pods-RealTableViewPracticeUITests.debug.xcconfig */ = {isa = PBXFileReference; includeInIndex = 1; lastKnownFileType = text.xcconfig; name = "Pods-RealTableViewPracticeUITests.debug.xcconfig"; path = "Pods/Target Support Files/Pods-RealTableViewPracticeUITests/Pods-RealTableViewPracticeUITests.debug.xcconfig"; sourceTree = "<group>"; };
		B26C3A484F6229B5AAF610D0 /* Pods-RealTableViewPractice.release.xcconfig */ = {isa = PBXFileReference; includeInIndex = 1; lastKnownFileType = text.xcconfig; name = "Pods-RealTableViewPractice.release.xcconfig"; path = "Pods/Target Support Files/Pods-RealTableViewPractice/Pods-RealTableViewPractice.release.xcconfig"; sourceTree = "<group>"; };
		C7B19EB96FDF424A2ACA55AA /* Pods-RealTableViewPracticeUITests.release.xcconfig */ = {isa = PBXFileReference; includeInIndex = 1; lastKnownFileType = text.xcconfig; name = "Pods-RealTableViewPracticeUITests.release.xcconfig"; path = "Pods/Target Support Files/Pods-RealTableViewPracticeUITests/Pods-RealTableViewPracticeUITests.release.xcconfig"; sourceTree = "<group>"; };
		CFB5A5FFEEB7B7BE0831CBB7 /* Pods_RealTableViewPracticeUITests.framework */ = {isa = PBXFileReference; explicitFileType = wrapper.framework; includeInIndex = 0; path = Pods_RealTableViewPracticeUITests.framework; sourceTree = BUILT_PRODUCTS_DIR; };
		F10EA30AAB8A5E1D912085E1 /* Pods_RealTableViewPracticeTests.framework */ = {isa = PBXFileReference; explicitFileType = wrapper.framework; includeInIndex = 0; path = Pods_RealTableViewPracticeTests.framework; sourceTree = BUILT_PRODUCTS_DIR; };
		F75F4B45D65C021D09053441 /* Pods-RealTableViewPracticeTests.release.xcconfig */ = {isa = PBXFileReference; includeInIndex = 1; lastKnownFileType = text.xcconfig; name = "Pods-RealTableViewPracticeTests.release.xcconfig"; path = "Pods/Target Support Files/Pods-RealTableViewPracticeTests/Pods-RealTableViewPracticeTests.release.xcconfig"; sourceTree = "<group>"; };
		F7DB7F9C9B636D1A5DEB70C3 /* Pods-RealTableViewPracticeTests.debug.xcconfig */ = {isa = PBXFileReference; includeInIndex = 1; lastKnownFileType = text.xcconfig; name = "Pods-RealTableViewPracticeTests.debug.xcconfig"; path = "Pods/Target Support Files/Pods-RealTableViewPracticeTests/Pods-RealTableViewPracticeTests.debug.xcconfig"; sourceTree = "<group>"; };
/* End PBXFileReference section */

/* Begin PBXFrameworksBuildPhase section */
		3E851B4920D2F0B200CEFEC4 /* Frameworks */ = {
			isa = PBXFrameworksBuildPhase;
			buildActionMask = 2147483647;
			files = (
				64E3135BDF020C79199C8075 /* Pods_RealTableViewPractice.framework in Frameworks */,
			);
			runOnlyForDeploymentPostprocessing = 0;
		};
		3E851B6020D2F0B200CEFEC4 /* Frameworks */ = {
			isa = PBXFrameworksBuildPhase;
			buildActionMask = 2147483647;
			files = (
				699864F893C477B7D666EE8E /* Pods_RealTableViewPracticeTests.framework in Frameworks */,
			);
			runOnlyForDeploymentPostprocessing = 0;
		};
		3E851B6B20D2F0B200CEFEC4 /* Frameworks */ = {
			isa = PBXFrameworksBuildPhase;
			buildActionMask = 2147483647;
			files = (
				7BAF89FF6736F29A8D80ACAD /* Pods_RealTableViewPracticeUITests.framework in Frameworks */,
			);
			runOnlyForDeploymentPostprocessing = 0;
		};
/* End PBXFrameworksBuildPhase section */

/* Begin PBXGroup section */
		3E851B4320D2F0B200CEFEC4 = {
			isa = PBXGroup;
			children = (
				3E851B4E20D2F0B200CEFEC4 /* RealTableViewPractice */,
				3E851B6620D2F0B200CEFEC4 /* RealTableViewPracticeTests */,
				3E851B7120D2F0B200CEFEC4 /* RealTableViewPracticeUITests */,
				3E851B4D20D2F0B200CEFEC4 /* Products */,
				7F51C73ACC0C423A6C3CF45D /* Pods */,
				D53620DD7FA3FD4812EF05D2 /* Frameworks */,
			);
			sourceTree = "<group>";
		};
		3E851B4D20D2F0B200CEFEC4 /* Products */ = {
			isa = PBXGroup;
			children = (
				3E851B4C20D2F0B200CEFEC4 /* RealTableViewPractice.app */,
				3E851B6320D2F0B200CEFEC4 /* RealTableViewPracticeTests.xctest */,
				3E851B6E20D2F0B200CEFEC4 /* RealTableViewPracticeUITests.xctest */,
			);
			name = Products;
			sourceTree = "<group>";
		};
		3E851B4E20D2F0B200CEFEC4 /* RealTableViewPractice */ = {
			isa = PBXGroup;
			children = (
				3E851B4F20D2F0B200CEFEC4 /* AppDelegate.swift */,
				3E851B8020D2F9AA00CEFEC4 /* ClientListScreen.swift */,
				3E851B8220D2FC8700CEFEC4 /* ClientListCell.swift */,
				3EEB942920D34C4F0017606B /* ClientDetail.swift */,
				3E851B8420D3015300CEFEC4 /* Client.swift */,
				3E5B7ED5211272DD00BAA9BC /* DBManager.swift */,
				3E1D3B5E20F664EF0089D600 /* AddClient.swift */,
				3E851B5320D2F0B200CEFEC4 /* Main.storyboard */,
				3E851B5920D2F0B200CEFEC4 /* Assets.xcassets */,
				3E851B5B20D2F0B200CEFEC4 /* LaunchScreen.storyboard */,
				3E851B5E20D2F0B200CEFEC4 /* Info.plist */,
			);
			path = RealTableViewPractice;
			sourceTree = "<group>";
		};
		3E851B6620D2F0B200CEFEC4 /* RealTableViewPracticeTests */ = {
			isa = PBXGroup;
			children = (
				3E851B6720D2F0B200CEFEC4 /* RealTableViewPracticeTests.swift */,
				3E851B6920D2F0B200CEFEC4 /* Info.plist */,
			);
			path = RealTableViewPracticeTests;
			sourceTree = "<group>";
		};
		3E851B7120D2F0B200CEFEC4 /* RealTableViewPracticeUITests */ = {
			isa = PBXGroup;
			children = (
				3E851B7220D2F0B200CEFEC4 /* RealTableViewPracticeUITests.swift */,
				3E851B7420D2F0B200CEFEC4 /* Info.plist */,
			);
			path = RealTableViewPracticeUITests;
			sourceTree = "<group>";
		};
		7F51C73ACC0C423A6C3CF45D /* Pods */ = {
			isa = PBXGroup;
			children = (
				3C5AD3B8B6770D3964DE5AAA /* Pods-RealTableViewPractice.debug.xcconfig */,
				B26C3A484F6229B5AAF610D0 /* Pods-RealTableViewPractice.release.xcconfig */,
				F7DB7F9C9B636D1A5DEB70C3 /* Pods-RealTableViewPracticeTests.debug.xcconfig */,
				F75F4B45D65C021D09053441 /* Pods-RealTableViewPracticeTests.release.xcconfig */,
				789C222D7E1C710E17A21878 /* Pods-RealTableViewPracticeUITests.debug.xcconfig */,
				C7B19EB96FDF424A2ACA55AA /* Pods-RealTableViewPracticeUITests.release.xcconfig */,
			);
			name = Pods;
			sourceTree = "<group>";
		};
		D53620DD7FA3FD4812EF05D2 /* Frameworks */ = {
			isa = PBXGroup;
			children = (
				148AD56EA66723F864EA7C03 /* Pods_RealTableViewPractice.framework */,
				F10EA30AAB8A5E1D912085E1 /* Pods_RealTableViewPracticeTests.framework */,
				CFB5A5FFEEB7B7BE0831CBB7 /* Pods_RealTableViewPracticeUITests.framework */,
			);
			name = Frameworks;
			sourceTree = "<group>";
		};
/* End PBXGroup section */

/* Begin PBXNativeTarget section */
		3E851B4B20D2F0B200CEFEC4 /* RealTableViewPractice */ = {
			isa = PBXNativeTarget;
			buildConfigurationList = 3E851B7720D2F0B200CEFEC4 /* Build configuration list for PBXNativeTarget "RealTableViewPractice" */;
			buildPhases = (
				AAE7837EE481C3F54A32DC81 /* [CP] Check Pods Manifest.lock */,
				3E851B4820D2F0B200CEFEC4 /* Sources */,
				3E851B4920D2F0B200CEFEC4 /* Frameworks */,
				3E851B4A20D2F0B200CEFEC4 /* Resources */,
				56CEFAE5162C9840DB865254 /* [CP] Embed Pods Frameworks */,
			);
			buildRules = (
			);
			dependencies = (
			);
			name = RealTableViewPractice;
			productName = RealTableViewPractice;
			productReference = 3E851B4C20D2F0B200CEFEC4 /* RealTableViewPractice.app */;
			productType = "com.apple.product-type.application";
		};
		3E851B6220D2F0B200CEFEC4 /* RealTableViewPracticeTests */ = {
			isa = PBXNativeTarget;
			buildConfigurationList = 3E851B7A20D2F0B200CEFEC4 /* Build configuration list for PBXNativeTarget "RealTableViewPracticeTests" */;
			buildPhases = (
				49D44044492511773C02B1B7 /* [CP] Check Pods Manifest.lock */,
				3E851B5F20D2F0B200CEFEC4 /* Sources */,
				3E851B6020D2F0B200CEFEC4 /* Frameworks */,
				3E851B6120D2F0B200CEFEC4 /* Resources */,
			);
			buildRules = (
			);
			dependencies = (
				3E851B6520D2F0B200CEFEC4 /* PBXTargetDependency */,
			);
			name = RealTableViewPracticeTests;
			productName = RealTableViewPracticeTests;
			productReference = 3E851B6320D2F0B200CEFEC4 /* RealTableViewPracticeTests.xctest */;
			productType = "com.apple.product-type.bundle.unit-test";
		};
		3E851B6D20D2F0B200CEFEC4 /* RealTableViewPracticeUITests */ = {
			isa = PBXNativeTarget;
			buildConfigurationList = 3E851B7D20D2F0B200CEFEC4 /* Build configuration list for PBXNativeTarget "RealTableViewPracticeUITests" */;
			buildPhases = (
				64496A4E01B4EFE5898EFC29 /* [CP] Check Pods Manifest.lock */,
				3E851B6A20D2F0B200CEFEC4 /* Sources */,
				3E851B6B20D2F0B200CEFEC4 /* Frameworks */,
				3E851B6C20D2F0B200CEFEC4 /* Resources */,
			);
			buildRules = (
			);
			dependencies = (
				3E851B7020D2F0B200CEFEC4 /* PBXTargetDependency */,
			);
			name = RealTableViewPracticeUITests;
			productName = RealTableViewPracticeUITests;
			productReference = 3E851B6E20D2F0B200CEFEC4 /* RealTableViewPracticeUITests.xctest */;
			productType = "com.apple.product-type.bundle.ui-testing";
		};
/* End PBXNativeTarget section */

/* Begin PBXProject section */
		3E851B4420D2F0B200CEFEC4 /* Project object */ = {
			isa = PBXProject;
			attributes = {
				LastSwiftUpdateCheck = 0920;
				LastUpgradeCheck = 0920;
				ORGANIZATIONNAME = "Corey McLaughlin";
				TargetAttributes = {
					3E851B4B20D2F0B200CEFEC4 = {
						CreatedOnToolsVersion = 9.2;
						ProvisioningStyle = Automatic;
					};
					3E851B6220D2F0B200CEFEC4 = {
						CreatedOnToolsVersion = 9.2;
						ProvisioningStyle = Automatic;
						TestTargetID = 3E851B4B20D2F0B200CEFEC4;
					};
					3E851B6D20D2F0B200CEFEC4 = {
						CreatedOnToolsVersion = 9.2;
						ProvisioningStyle = Automatic;
						TestTargetID = 3E851B4B20D2F0B200CEFEC4;
					};
				};
			};
			buildConfigurationList = 3E851B4720D2F0B200CEFEC4 /* Build configuration list for PBXProject "RealTableViewPractice" */;
			compatibilityVersion = "Xcode 8.0";
			developmentRegion = en;
			hasScannedForEncodings = 0;
			knownRegions = (
				en,
				Base,
			);
			mainGroup = 3E851B4320D2F0B200CEFEC4;
			productRefGroup = 3E851B4D20D2F0B200CEFEC4 /* Products */;
			projectDirPath = "";
			projectRoot = "";
			targets = (
				3E851B4B20D2F0B200CEFEC4 /* RealTableViewPractice */,
				3E851B6220D2F0B200CEFEC4 /* RealTableViewPracticeTests */,
				3E851B6D20D2F0B200CEFEC4 /* RealTableViewPracticeUITests */,
			);
		};
/* End PBXProject section */

/* Begin PBXResourcesBuildPhase section */
		3E851B4A20D2F0B200CEFEC4 /* Resources */ = {
			isa = PBXResourcesBuildPhase;
			buildActionMask = 2147483647;
			files = (
				3E851B5D20D2F0B200CEFEC4 /* LaunchScreen.storyboard in Resources */,
				3E851B5A20D2F0B200CEFEC4 /* Assets.xcassets in Resources */,
				3E851B5520D2F0B200CEFEC4 /* Main.storyboard in Resources */,
			);
			runOnlyForDeploymentPostprocessing = 0;
		};
		3E851B6120D2F0B200CEFEC4 /* Resources */ = {
			isa = PBXResourcesBuildPhase;
			buildActionMask = 2147483647;
			files = (
			);
			runOnlyForDeploymentPostprocessing = 0;
		};
		3E851B6C20D2F0B200CEFEC4 /* Resources */ = {
			isa = PBXResourcesBuildPhase;
			buildActionMask = 2147483647;
			files = (
			);
			runOnlyForDeploymentPostprocessing = 0;
		};
/* End PBXResourcesBuildPhase section */

/* Begin PBXShellScriptBuildPhase section */
		49D44044492511773C02B1B7 /* [CP] Check Pods Manifest.lock */ = {
			isa = PBXShellScriptBuildPhase;
			buildActionMask = 2147483647;
			files = (
			);
			inputPaths = (
				"${PODS_PODFILE_DIR_PATH}/Podfile.lock",
				"${PODS_ROOT}/Manifest.lock",
			);
			name = "[CP] Check Pods Manifest.lock";
			outputPaths = (
				"$(DERIVED_FILE_DIR)/Pods-RealTableViewPracticeTests-checkManifestLockResult.txt",
			);
			runOnlyForDeploymentPostprocessing = 0;
			shellPath = /bin/sh;
			shellScript = "diff \"${PODS_PODFILE_DIR_PATH}/Podfile.lock\" \"${PODS_ROOT}/Manifest.lock\" > /dev/null\nif [ $? != 0 ] ; then\n    # print error to STDERR\n    echo \"error: The sandbox is not in sync with the Podfile.lock. Run 'pod install' or update your CocoaPods installation.\" >&2\n    exit 1\nfi\n# This output is used by Xcode 'outputs' to avoid re-running this script phase.\necho \"SUCCESS\" > \"${SCRIPT_OUTPUT_FILE_0}\"\n";
			showEnvVarsInLog = 0;
		};
		56CEFAE5162C9840DB865254 /* [CP] Embed Pods Frameworks */ = {
			isa = PBXShellScriptBuildPhase;
			buildActionMask = 2147483647;
			files = (
			);
			inputPaths = (
				"${SRCROOT}/Pods/Target Support Files/Pods-RealTableViewPractice/Pods-RealTableViewPractice-frameworks.sh",
				"${BUILT_PRODUCTS_DIR}/Realm/Realm.framework",
				"${BUILT_PRODUCTS_DIR}/RealmSwift/RealmSwift.framework",
			);
			name = "[CP] Embed Pods Frameworks";
			outputPaths = (
				"${TARGET_BUILD_DIR}/${FRAMEWORKS_FOLDER_PATH}/Realm.framework",
				"${TARGET_BUILD_DIR}/${FRAMEWORKS_FOLDER_PATH}/RealmSwift.framework",
			);
			runOnlyForDeploymentPostprocessing = 0;
			shellPath = /bin/sh;
			shellScript = "\"${SRCROOT}/Pods/Target Support Files/Pods-RealTableViewPractice/Pods-RealTableViewPractice-frameworks.sh\"\n";
			showEnvVarsInLog = 0;
		};
		64496A4E01B4EFE5898EFC29 /* [CP] Check Pods Manifest.lock */ = {
			isa = PBXShellScriptBuildPhase;
			buildActionMask = 2147483647;
			files = (
			);
			inputPaths = (
				"${PODS_PODFILE_DIR_PATH}/Podfile.lock",
				"${PODS_ROOT}/Manifest.lock",
			);
			name = "[CP] Check Pods Manifest.lock";
			outputPaths = (
				"$(DERIVED_FILE_DIR)/Pods-RealTableViewPracticeUITests-checkManifestLockResult.txt",
			);
			runOnlyForDeploymentPostprocessing = 0;
			shellPath = /bin/sh;
			shellScript = "diff \"${PODS_PODFILE_DIR_PATH}/Podfile.lock\" \"${PODS_ROOT}/Manifest.lock\" > /dev/null\nif [ $? != 0 ] ; then\n    # print error to STDERR\n    echo \"error: The sandbox is not in sync with the Podfile.lock. Run 'pod install' or update your CocoaPods installation.\" >&2\n    exit 1\nfi\n# This output is used by Xcode 'outputs' to avoid re-running this script phase.\necho \"SUCCESS\" > \"${SCRIPT_OUTPUT_FILE_0}\"\n";
			showEnvVarsInLog = 0;
		};
		AAE7837EE481C3F54A32DC81 /* [CP] Check Pods Manifest.lock */ = {
			isa = PBXShellScriptBuildPhase;
			buildActionMask = 2147483647;
			files = (
			);
			inputPaths = (
				"${PODS_PODFILE_DIR_PATH}/Podfile.lock",
				"${PODS_ROOT}/Manifest.lock",
			);
			name = "[CP] Check Pods Manifest.lock";
			outputPaths = (
				"$(DERIVED_FILE_DIR)/Pods-RealTableViewPractice-checkManifestLockResult.txt",
			);
			runOnlyForDeploymentPostprocessing = 0;
			shellPath = /bin/sh;
			shellScript = "diff \"${PODS_PODFILE_DIR_PATH}/Podfile.lock\" \"${PODS_ROOT}/Manifest.lock\" > /dev/null\nif [ $? != 0 ] ; then\n    # print error to STDERR\n    echo \"error: The sandbox is not in sync with the Podfile.lock. Run 'pod install' or update your CocoaPods installation.\" >&2\n    exit 1\nfi\n# This output is used by Xcode 'outputs' to avoid re-running this script phase.\necho \"SUCCESS\" > \"${SCRIPT_OUTPUT_FILE_0}\"\n";
			showEnvVarsInLog = 0;
		};
/* End PBXShellScriptBuildPhase section */

/* Begin PBXSourcesBuildPhase section */
		3E851B4820D2F0B200CEFEC4 /* Sources */ = {
			isa = PBXSourcesBuildPhase;
			buildActionMask = 2147483647;
			files = (
				3E851B8120D2F9AA00CEFEC4 /* ClientListScreen.swift in Sources */,
				3E1D3B5F20F664EF0089D600 /* AddClient.swift in Sources */,
				3E5B7ED6211272DD00BAA9BC /* DBManager.swift in Sources */,
				3EEB942A20D34C4F0017606B /* ClientDetail.swift in Sources */,
				3E851B5020D2F0B200CEFEC4 /* AppDelegate.swift in Sources */,
				3E851B8320D2FC8700CEFEC4 /* ClientListCell.swift in Sources */,
				3E851B8520D3015300CEFEC4 /* Client.swift in Sources */,
			);
			runOnlyForDeploymentPostprocessing = 0;
		};
		3E851B5F20D2F0B200CEFEC4 /* Sources */ = {
			isa = PBXSourcesBuildPhase;
			buildActionMask = 2147483647;
			files = (
				3E851B6820D2F0B200CEFEC4 /* RealTableViewPracticeTests.swift in Sources */,
			);
			runOnlyForDeploymentPostprocessing = 0;
		};
		3E851B6A20D2F0B200CEFEC4 /* Sources */ = {
			isa = PBXSourcesBuildPhase;
			buildActionMask = 2147483647;
			files = (
				3E851B7320D2F0B200CEFEC4 /* RealTableViewPracticeUITests.swift in Sources */,
			);
			runOnlyForDeploymentPostprocessing = 0;
		};
/* End PBXSourcesBuildPhase section */

/* Begin PBXTargetDependency section */
		3E851B6520D2F0B200CEFEC4 /* PBXTargetDependency */ = {
			isa = PBXTargetDependency;
			target = 3E851B4B20D2F0B200CEFEC4 /* RealTableViewPractice */;
			targetProxy = 3E851B6420D2F0B200CEFEC4 /* PBXContainerItemProxy */;
		};
		3E851B7020D2F0B200CEFEC4 /* PBXTargetDependency */ = {
			isa = PBXTargetDependency;
			target = 3E851B4B20D2F0B200CEFEC4 /* RealTableViewPractice */;
			targetProxy = 3E851B6F20D2F0B200CEFEC4 /* PBXContainerItemProxy */;
		};
/* End PBXTargetDependency section */

/* Begin PBXVariantGroup section */
		3E851B5320D2F0B200CEFEC4 /* Main.storyboard */ = {
			isa = PBXVariantGroup;
			children = (
				3E851B5420D2F0B200CEFEC4 /* Base */,
			);
			name = Main.storyboard;
			sourceTree = "<group>";
		};
		3E851B5B20D2F0B200CEFEC4 /* LaunchScreen.storyboard */ = {
			isa = PBXVariantGroup;
			children = (
				3E851B5C20D2F0B200CEFEC4 /* Base */,
			);
			name = LaunchScreen.storyboard;
			sourceTree = "<group>";
		};
/* End PBXVariantGroup section */

/* Begin XCBuildConfiguration section */
		3E851B7520D2F0B200CEFEC4 /* Debug */ = {
			isa = XCBuildConfiguration;
			buildSettings = {
				ALWAYS_SEARCH_USER_PATHS = NO;
				CLANG_ANALYZER_NONNULL = YES;
				CLANG_ANALYZER_NUMBER_OBJECT_CONVERSION = YES_AGGRESSIVE;
				CLANG_CXX_LANGUAGE_STANDARD = "gnu++14";
				CLANG_CXX_LIBRARY = "libc++";
				CLANG_ENABLE_MODULES = YES;
				CLANG_ENABLE_OBJC_ARC = YES;
				CLANG_WARN_BLOCK_CAPTURE_AUTORELEASING = YES;
				CLANG_WARN_BOOL_CONVERSION = YES;
				CLANG_WARN_COMMA = YES;
				CLANG_WARN_CONSTANT_CONVERSION = YES;
				CLANG_WARN_DIRECT_OBJC_ISA_USAGE = YES_ERROR;
				CLANG_WARN_DOCUMENTATION_COMMENTS = YES;
				CLANG_WARN_EMPTY_BODY = YES;
				CLANG_WARN_ENUM_CONVERSION = YES;
				CLANG_WARN_INFINITE_RECURSION = YES;
				CLANG_WARN_INT_CONVERSION = YES;
				CLANG_WARN_NON_LITERAL_NULL_CONVERSION = YES;
				CLANG_WARN_OBJC_LITERAL_CONVERSION = YES;
				CLANG_WARN_OBJC_ROOT_CLASS = YES_ERROR;
				CLANG_WARN_RANGE_LOOP_ANALYSIS = YES;
				CLANG_WARN_STRICT_PROTOTYPES = YES;
				CLANG_WARN_SUSPICIOUS_MOVE = YES;
				CLANG_WARN_UNGUARDED_AVAILABILITY = YES_AGGRESSIVE;
				CLANG_WARN_UNREACHABLE_CODE = YES;
				CLANG_WARN__DUPLICATE_METHOD_MATCH = YES;
				CODE_SIGN_IDENTITY = "iPhone Developer";
				COPY_PHASE_STRIP = NO;
				DEBUG_INFORMATION_FORMAT = dwarf;
				ENABLE_STRICT_OBJC_MSGSEND = YES;
				ENABLE_TESTABILITY = YES;
				GCC_C_LANGUAGE_STANDARD = gnu11;
				GCC_DYNAMIC_NO_PIC = NO;
				GCC_NO_COMMON_BLOCKS = YES;
				GCC_OPTIMIZATION_LEVEL = 0;
				GCC_PREPROCESSOR_DEFINITIONS = (
					"DEBUG=1",
					"$(inherited)",
				);
				GCC_WARN_64_TO_32_BIT_CONVERSION = YES;
				GCC_WARN_ABOUT_RETURN_TYPE = YES_ERROR;
				GCC_WARN_UNDECLARED_SELECTOR = YES;
				GCC_WARN_UNINITIALIZED_AUTOS = YES_AGGRESSIVE;
				GCC_WARN_UNUSED_FUNCTION = YES;
				GCC_WARN_UNUSED_VARIABLE = YES;
				IPHONEOS_DEPLOYMENT_TARGET = 11.2;
				MTL_ENABLE_DEBUG_INFO = YES;
				ONLY_ACTIVE_ARCH = YES;
				SDKROOT = iphoneos;
				SWIFT_ACTIVE_COMPILATION_CONDITIONS = DEBUG;
				SWIFT_OPTIMIZATION_LEVEL = "-Onone";
			};
			name = Debug;
		};
		3E851B7620D2F0B200CEFEC4 /* Release */ = {
			isa = XCBuildConfiguration;
			buildSettings = {
				ALWAYS_SEARCH_USER_PATHS = NO;
				CLANG_ANALYZER_NONNULL = YES;
				CLANG_ANALYZER_NUMBER_OBJECT_CONVERSION = YES_AGGRESSIVE;
				CLANG_CXX_LANGUAGE_STANDARD = "gnu++14";
				CLANG_CXX_LIBRARY = "libc++";
				CLANG_ENABLE_MODULES = YES;
				CLANG_ENABLE_OBJC_ARC = YES;
				CLANG_WARN_BLOCK_CAPTURE_AUTORELEASING = YES;
				CLANG_WARN_BOOL_CONVERSION = YES;
				CLANG_WARN_COMMA = YES;
				CLANG_WARN_CONSTANT_CONVERSION = YES;
				CLANG_WARN_DIRECT_OBJC_ISA_USAGE = YES_ERROR;
				CLANG_WARN_DOCUMENTATION_COMMENTS = YES;
				CLANG_WARN_EMPTY_BODY = YES;
				CLANG_WARN_ENUM_CONVERSION = YES;
				CLANG_WARN_INFINITE_RECURSION = YES;
				CLANG_WARN_INT_CONVERSION = YES;
				CLANG_WARN_NON_LITERAL_NULL_CONVERSION = YES;
				CLANG_WARN_OBJC_LITERAL_CONVERSION = YES;
				CLANG_WARN_OBJC_ROOT_CLASS = YES_ERROR;
				CLANG_WARN_RANGE_LOOP_ANALYSIS = YES;
				CLANG_WARN_STRICT_PROTOTYPES = YES;
				CLANG_WARN_SUSPICIOUS_MOVE = YES;
				CLANG_WARN_UNGUARDED_AVAILABILITY = YES_AGGRESSIVE;
				CLANG_WARN_UNREACHABLE_CODE = YES;
				CLANG_WARN__DUPLICATE_METHOD_MATCH = YES;
				CODE_SIGN_IDENTITY = "iPhone Developer";
				COPY_PHASE_STRIP = NO;
				DEBUG_INFORMATION_FORMAT = "dwarf-with-dsym";
				ENABLE_NS_ASSERTIONS = NO;
				ENABLE_STRICT_OBJC_MSGSEND = YES;
				GCC_C_LANGUAGE_STANDARD = gnu11;
				GCC_NO_COMMON_BLOCKS = YES;
				GCC_WARN_64_TO_32_BIT_CONVERSION = YES;
				GCC_WARN_ABOUT_RETURN_TYPE = YES_ERROR;
				GCC_WARN_UNDECLARED_SELECTOR = YES;
				GCC_WARN_UNINITIALIZED_AUTOS = YES_AGGRESSIVE;
				GCC_WARN_UNUSED_FUNCTION = YES;
				GCC_WARN_UNUSED_VARIABLE = YES;
				IPHONEOS_DEPLOYMENT_TARGET = 11.2;
				MTL_ENABLE_DEBUG_INFO = NO;
				SDKROOT = iphoneos;
				SWIFT_OPTIMIZATION_LEVEL = "-Owholemodule";
				VALIDATE_PRODUCT = YES;
			};
			name = Release;
		};
		3E851B7820D2F0B200CEFEC4 /* Debug */ = {
			isa = XCBuildConfiguration;
			baseConfigurationReference = 3C5AD3B8B6770D3964DE5AAA /* Pods-RealTableViewPractice.debug.xcconfig */;
			buildSettings = {
				ASSETCATALOG_COMPILER_APPICON_NAME = AppIcon;
				CODE_SIGN_STYLE = Automatic;
				INFOPLIST_FILE = RealTableViewPractice/Info.plist;
				LD_RUNPATH_SEARCH_PATHS = "$(inherited) @executable_path/Frameworks";
				PRODUCT_BUNDLE_IDENTIFIER = cor.RealTableViewPractice;
				PRODUCT_NAME = "$(TARGET_NAME)";
				SWIFT_VERSION = 4.0;
				TARGETED_DEVICE_FAMILY = "1,2";
			};
			name = Debug;
		};
		3E851B7920D2F0B200CEFEC4 /* Release */ = {
			isa = XCBuildConfiguration;
			baseConfigurationReference = B26C3A484F6229B5AAF610D0 /* Pods-RealTableViewPractice.release.xcconfig */;
			buildSettings = {
				ASSETCATALOG_COMPILER_APPICON_NAME = AppIcon;
				CODE_SIGN_STYLE = Automatic;
				INFOPLIST_FILE = RealTableViewPractice/Info.plist;
				LD_RUNPATH_SEARCH_PATHS = "$(inherited) @executable_path/Frameworks";
				PRODUCT_BUNDLE_IDENTIFIER = cor.RealTableViewPractice;
				PRODUCT_NAME = "$(TARGET_NAME)";
				SWIFT_VERSION = 4.0;
				TARGETED_DEVICE_FAMILY = "1,2";
			};
			name = Release;
		};
		3E851B7B20D2F0B200CEFEC4 /* Debug */ = {
			isa = XCBuildConfiguration;
			baseConfigurationReference = F7DB7F9C9B636D1A5DEB70C3 /* Pods-RealTableViewPracticeTests.debug.xcconfig */;
			buildSettings = {
				ALWAYS_EMBED_SWIFT_STANDARD_LIBRARIES = YES;
				BUNDLE_LOADER = "$(TEST_HOST)";
				CODE_SIGN_STYLE = Automatic;
				INFOPLIST_FILE = RealTableViewPracticeTests/Info.plist;
				LD_RUNPATH_SEARCH_PATHS = "$(inherited) @executable_path/Frameworks @loader_path/Frameworks";
				PRODUCT_BUNDLE_IDENTIFIER = cor.RealTableViewPracticeTests;
				PRODUCT_NAME = "$(TARGET_NAME)";
				SWIFT_VERSION = 4.0;
				TARGETED_DEVICE_FAMILY = "1,2";
				TEST_HOST = "$(BUILT_PRODUCTS_DIR)/RealTableViewPractice.app/RealTableViewPractice";
			};
			name = Debug;
		};
		3E851B7C20D2F0B200CEFEC4 /* Release */ = {
			isa = XCBuildConfiguration;
			baseConfigurationReference = F75F4B45D65C021D09053441 /* Pods-RealTableViewPracticeTests.release.xcconfig */;
			buildSettings = {
				ALWAYS_EMBED_SWIFT_STANDARD_LIBRARIES = YES;
				BUNDLE_LOADER = "$(TEST_HOST)";
				CODE_SIGN_STYLE = Automatic;
				INFOPLIST_FILE = RealTableViewPracticeTests/Info.plist;
				LD_RUNPATH_SEARCH_PATHS = "$(inherited) @executable_path/Frameworks @loader_path/Frameworks";
				PRODUCT_BUNDLE_IDENTIFIER = cor.RealTableViewPracticeTests;
				PRODUCT_NAME = "$(TARGET_NAME)";
				SWIFT_VERSION = 4.0;
				TARGETED_DEVICE_FAMILY = "1,2";
				TEST_HOST = "$(BUILT_PRODUCTS_DIR)/RealTableViewPractice.app/RealTableViewPractice";
			};
			name = Release;
		};
		3E851B7E20D2F0B200CEFEC4 /* Debug */ = {
			isa = XCBuildConfiguration;
			baseConfigurationReference = 789C222D7E1C710E17A21878 /* Pods-RealTableViewPracticeUITests.debug.xcconfig */;
			buildSettings = {
				ALWAYS_EMBED_SWIFT_STANDARD_LIBRARIES = YES;
				CODE_SIGN_STYLE = Automatic;
				INFOPLIST_FILE = RealTableViewPracticeUITests/Info.plist;
				LD_RUNPATH_SEARCH_PATHS = "$(inherited) @executable_path/Frameworks @loader_path/Frameworks";
				PRODUCT_BUNDLE_IDENTIFIER = cor.RealTableViewPracticeUITests;
				PRODUCT_NAME = "$(TARGET_NAME)";
				SWIFT_VERSION = 4.0;
				TARGETED_DEVICE_FAMILY = "1,2";
				TEST_TARGET_NAME = RealTableViewPractice;
			};
			name = Debug;
		};
		3E851B7F20D2F0B200CEFEC4 /* Release */ = {
			isa = XCBuildConfiguration;
			baseConfigurationReference = C7B19EB96FDF424A2ACA55AA /* Pods-RealTableViewPracticeUITests.release.xcconfig */;
			buildSettings = {
				ALWAYS_EMBED_SWIFT_STANDARD_LIBRARIES = YES;
				CODE_SIGN_STYLE = Automatic;
				INFOPLIST_FILE = RealTableViewPracticeUITests/Info.plist;
				LD_RUNPATH_SEARCH_PATHS = "$(inherited) @executable_path/Frameworks @loader_path/Frameworks";
				PRODUCT_BUNDLE_IDENTIFIER = cor.RealTableViewPracticeUITests;
				PRODUCT_NAME = "$(TARGET_NAME)";
				SWIFT_VERSION = 4.0;
				TARGETED_DEVICE_FAMILY = "1,2";
				TEST_TARGET_NAME = RealTableViewPractice;
			};
			name = Release;
		};
/* End XCBuildConfiguration section */

/* Begin XCConfigurationList section */
		3E851B4720D2F0B200CEFEC4 /* Build configuration list for PBXProject "RealTableViewPractice" */ = {
			isa = XCConfigurationList;
			buildConfigurations = (
				3E851B7520D2F0B200CEFEC4 /* Debug */,
				3E851B7620D2F0B200CEFEC4 /* Release */,
			);
			defaultConfigurationIsVisible = 0;
			defaultConfigurationName = Release;
		};
		3E851B7720D2F0B200CEFEC4 /* Build configuration list for PBXNativeTarget "RealTableViewPractice" */ = {
			isa = XCConfigurationList;
			buildConfigurations = (
				3E851B7820D2F0B200CEFEC4 /* Debug */,
				3E851B7920D2F0B200CEFEC4 /* Release */,
			);
			defaultConfigurationIsVisible = 0;
			defaultConfigurationName = Release;
		};
		3E851B7A20D2F0B200CEFEC4 /* Build configuration list for PBXNativeTarget "RealTableViewPracticeTests" */ = {
			isa = XCConfigurationList;
			buildConfigurations = (
				3E851B7B20D2F0B200CEFEC4 /* Debug */,
				3E851B7C20D2F0B200CEFEC4 /* Release */,
			);
			defaultConfigurationIsVisible = 0;
			defaultConfigurationName = Release;
		};
		3E851B7D20D2F0B200CEFEC4 /* Build configuration list for PBXNativeTarget "RealTableViewPracticeUITests" */ = {
			isa = XCConfigurationList;
			buildConfigurations = (
				3E851B7E20D2F0B200CEFEC4 /* Debug */,
				3E851B7F20D2F0B200CEFEC4 /* Release */,
			);
			defaultConfigurationIsVisible = 0;
			defaultConfigurationName = Release;
		};
/* End XCConfigurationList section */
	};
	rootObject = 3E851B4420D2F0B200CEFEC4 /* Project object */;
}
